PODS:
  - amazon_payfort (1.1.1):
    - Flutter
    - PayFortSDK
  - Flutter (1.0.0)
  - network_info_plus (0.0.1):
    - Flutter
  - PayFortSDK (3.2.1)

DEPENDENCIES:
  - amazon_payfort (from `.symlinks/plugins/amazon_payfort/ios`)
  - Flutter (from `Flutter`)
  - network_info_plus (from `.symlinks/plugins/network_info_plus/ios`)

SPEC REPOS:
  trunk:
    - PayFortSDK

EXTERNAL SOURCES:
  amazon_payfort:
    :path: ".symlinks/plugins/amazon_payfort/ios"
  Flutter:
    :path: Flutter
  network_info_plus:
    :path: ".symlinks/plugins/network_info_plus/ios"

SPEC CHECKSUMS:
  amazon_payfort: 008d8fc20e598f2444d1ebdbe1769d66554f7718
  Flutter: e0871f40cf51350855a761d2e70bf5af5b9b5de7
  network_info_plus: 6d0c3eb8367b8164fa3fb0c19875e3f59d49697f
  PayFortSDK: 233eabe9a45601fdbeac67fa6e5aae46ed8faf82

PODFILE CHECKSUM: ef19549a9bc3046e7bb7d2fab4d021637c0c58a3

COCOAPODS: 1.15.2
